
Microsoft Visual Studio Solution File, Format Version 11.00
# Visual Studio 2010
Project("{FAE04EC0-301F-11D3-BF4B-00C04F79EFBC}") = "MusicSite", "MusicSite\MusicSite.csproj", "{6E98CB21-1E60-42FF-9948-8884F0E57375}"
EndProject
Project("{FAE04EC0-301F-11D3-BF4B-00C04F79EFBC}") = "BusinessLogicLayer", "BusinessLogicLayer\BusinessLogicLayer.csproj", "{A2EA34E5-23B6-4D7F-8573-E6678516336A}"
EndProject
Project("{FAE04EC0-301F-11D3-BF4B-00C04F79EFBC}") = "DataBaseLayer", "DataBaseLayer\DataBaseLayer.csproj", "{9FDFA0BF-665A-40C2-B27D-7026CB4E80AE}"
EndProject
Global
	GlobalSection(SolutionConfigurationPlatforms) = preSolution
		Debug|Any CPU = Debug|Any CPU
		Release|Any CPU = Release|Any CPU
	EndGlobalSection
	GlobalSection(ProjectConfigurationPlatforms) = postSolution
		{6E98CB21-1E60-42FF-9948-8884F0E57375}.Debug|Any CPU.ActiveCfg = Debug|Any CPU
		{6E98CB21-1E60-42FF-9948-8884F0E57375}.Debug|Any CPU.Build.0 = Debug|Any CPU
		{6E98CB21-1E60-42FF-9948-8884F0E57375}.Release|Any CPU.ActiveCfg = Release|Any CPU
		{6E98CB21-1E60-42FF-9948-8884F0E57375}.Release|Any CPU.Build.0 = Release|Any CPU
		{A2EA34E5-23B6-4D7F-8573-E6678516336A}.Debug|Any CPU.ActiveCfg = Debug|Any CPU
		{A2EA34E5-23B6-4D7F-8573-E6678516336A}.Debug|Any CPU.Build.0 = Debug|Any CPU
		{A2EA34E5-23B6-4D7F-8573-E6678516336A}.Release|Any CPU.ActiveCfg = Release|Any CPU
		{A2EA34E5-23B6-4D7F-8573-E6678516336A}.Release|Any CPU.Build.0 = Release|Any CPU
		{9FDFA0BF-665A-40C2-B27D-7026CB4E80AE}.Debug|Any CPU.ActiveCfg = Debug|Any CPU
		{9FDFA0BF-665A-40C2-B27D-7026CB4E80AE}.Debug|Any CPU.Build.0 = Debug|Any CPU
		{9FDFA0BF-665A-40C2-B27D-7026CB4E80AE}.Release|Any CPU.ActiveCfg = Release|Any CPU
		{9FDFA0BF-665A-40C2-B27D-7026CB4E80AE}.Release|Any CPU.Build.0 = Release|Any CPU
	EndGlobalSection
	GlobalSection(SolutionProperties) = preSolution
		HideSolutionNode = FALSE
	EndGlobalSection
EndGlobal
